lockfileVersion: '9.0'

settings:
  autoInstallPeers: true
  excludeLinksFromLockfile: false

pnpmfileChecksum: g5t73guyf72fmho4hxqmeb6yt4

importers:

  .:
    devDependencies:
      '@ecmaos/config-typescript':
        specifier: workspace:^
        version: link:../../utils/config-typescript
      '@ecmaos/types':
        specifier: workspace:^
        version: link:../../core/types
      typescript:
        specifier: ^5.6.3
        version: 5.7.2

packages:

  typescript@5.7.2:
    resolution: {integrity: sha512-i5t66RHxDvVN40HfDd1PsEThGNnlMCMT3jMUuoh9/0TaqWevNontacunWyN02LA9/fIbEWlcHZcgTKb9QoaLfg==}
    engines: {node: '>=14.17'}
    hasBin: true

snapshots:

  typescript@5.7.2: {}
